
Microsoft Visual Studio Solution File, Format Version 12.00
# Visual Studio Version 17
VisualStudioVersion = 17.14.36616.10
MinimumVisualStudioVersion = 10.0.40219.1
Project("{FAE04EC0-301F-11D3-BF4B-00C04F79EFBC}") = "Somiod", "Somiod\Somiod.csproj", "{42C9CA24-1CF8-4507-8ACD-16C4CCA4BFDF}"
EndProject
Project("{FAE04EC0-301F-11D3-BF4B-00C04F79EFBC}") = "AppArbitro", "AppArbitro\AppArbitro.csproj", "{87083822-1E60-4368-A271-27EA99D61811}"
EndProject
Project("{FAE04EC0-301F-11D3-BF4B-00C04F79EFBC}") = "AppSubscritor", "AppSubscritor\AppSubscritor.csproj", "{08F455D0-FF0A-4524-BEAF-B396D2FE4E34}"
EndProject
Global
	GlobalSection(SolutionConfigurationPlatforms) = preSolution
		Debug|Any CPU = Debug|Any CPU
		Release|Any CPU = Release|Any CPU
	EndGlobalSection
	GlobalSection(ProjectConfigurationPlatforms) = postSolution
		{42C9CA24-1CF8-4507-8ACD-16C4CCA4BFDF}.Debug|Any CPU.ActiveCfg = Debug|Any CPU
		{42C9CA24-1CF8-4507-8ACD-16C4CCA4BFDF}.Debug|Any CPU.Build.0 = Debug|Any CPU
		{42C9CA24-1CF8-4507-8ACD-16C4CCA4BFDF}.Release|Any CPU.ActiveCfg = Release|Any CPU
		{42C9CA24-1CF8-4507-8ACD-16C4CCA4BFDF}.Release|Any CPU.Build.0 = Release|Any CPU
		{87083822-1E60-4368-A271-27EA99D61811}.Debug|Any CPU.ActiveCfg = Debug|Any CPU
		{87083822-1E60-4368-A271-27EA99D61811}.Debug|Any CPU.Build.0 = Debug|Any CPU
		{87083822-1E60-4368-A271-27EA99D61811}.Release|Any CPU.ActiveCfg = Release|Any CPU
		{87083822-1E60-4368-A271-27EA99D61811}.Release|Any CPU.Build.0 = Release|Any CPU
		{08F455D0-FF0A-4524-BEAF-B396D2FE4E34}.Debug|Any CPU.ActiveCfg = Debug|Any CPU
		{08F455D0-FF0A-4524-BEAF-B396D2FE4E34}.Debug|Any CPU.Build.0 = Debug|Any CPU
		{08F455D0-FF0A-4524-BEAF-B396D2FE4E34}.Release|Any CPU.ActiveCfg = Release|Any CPU
		{08F455D0-FF0A-4524-BEAF-B396D2FE4E34}.Release|Any CPU.Build.0 = Release|Any CPU
	EndGlobalSection
	GlobalSection(SolutionProperties) = preSolution
		HideSolutionNode = FALSE
	EndGlobalSection
	GlobalSection(ExtensibilityGlobals) = postSolution
		SolutionGuid = {58C88FE1-8998-4440-9D2D-4D5ED5A609A5}
	EndGlobalSection
EndGlobal
